
Microsoft Visual Studio Solution File, Format Version 12.00
# Visual Studio Version 17
VisualStudioVersion = 17.2.32630.192
MinimumVisualStudioVersion = 10.0.40219.1
Project("{9A19103F-16F7-4668-BE54-9A1E7A4F7556}") = "MedicalRecordsApi", "MedicalRecordsApi\MedicalRecordsApi.csproj", "{BD1FA0DD-63CF-4A18-9D38-A0C75B8E5800}"
EndProject
Project("{FAE04EC0-301F-11D3-BF4B-00C04F79EFBC}") = "MedicalRecordsData", "MedicalRecordsData\MedicalRecordsData.csproj", "{D1E8BD66-083E-41C6-936C-75C304A64055}"
EndProject
Project("{FAE04EC0-301F-11D3-BF4B-00C04F79EFBC}") = "MedicalRecordsRepository", "MedicalRecordsRepository\MedicalRecordsRepository.csproj", "{B5F98843-FA7D-4FF7-9E8C-97425045E5D9}"
EndProject
Project("{FAE04EC0-301F-11D3-BF4B-00C04F79EFBC}") = "MedicalRecordsTest", "MedicalRecordsTest\MedicalRecordsTest.csproj", "{11980A46-4B36-4411-B394-4E2AF401A42F}"
EndProject
Global
	GlobalSection(SolutionConfigurationPlatforms) = preSolution
		Debug|Any CPU = Debug|Any CPU
		Release|Any CPU = Release|Any CPU
	EndGlobalSection
	GlobalSection(ProjectConfigurationPlatforms) = postSolution
		{BD1FA0DD-63CF-4A18-9D38-A0C75B8E5800}.Debug|Any CPU.ActiveCfg = Debug|Any CPU
		{BD1FA0DD-63CF-4A18-9D38-A0C75B8E5800}.Debug|Any CPU.Build.0 = Debug|Any CPU
		{BD1FA0DD-63CF-4A18-9D38-A0C75B8E5800}.Release|Any CPU.ActiveCfg = Release|Any CPU
		{BD1FA0DD-63CF-4A18-9D38-A0C75B8E5800}.Release|Any CPU.Build.0 = Release|Any CPU
		{D1E8BD66-083E-41C6-936C-75C304A64055}.Debug|Any CPU.ActiveCfg = Debug|Any CPU
		{D1E8BD66-083E-41C6-936C-75C304A64055}.Debug|Any CPU.Build.0 = Debug|Any CPU
		{D1E8BD66-083E-41C6-936C-75C304A64055}.Release|Any CPU.ActiveCfg = Release|Any CPU
		{D1E8BD66-083E-41C6-936C-75C304A64055}.Release|Any CPU.Build.0 = Release|Any CPU
		{B5F98843-FA7D-4FF7-9E8C-97425045E5D9}.Debug|Any CPU.ActiveCfg = Debug|Any CPU
		{B5F98843-FA7D-4FF7-9E8C-97425045E5D9}.Debug|Any CPU.Build.0 = Debug|Any CPU
		{B5F98843-FA7D-4FF7-9E8C-97425045E5D9}.Release|Any CPU.ActiveCfg = Release|Any CPU
		{B5F98843-FA7D-4FF7-9E8C-97425045E5D9}.Release|Any CPU.Build.0 = Release|Any CPU
		{11980A46-4B36-4411-B394-4E2AF401A42F}.Debug|Any CPU.ActiveCfg = Debug|Any CPU
		{11980A46-4B36-4411-B394-4E2AF401A42F}.Debug|Any CPU.Build.0 = Debug|Any CPU
		{11980A46-4B36-4411-B394-4E2AF401A42F}.Release|Any CPU.ActiveCfg = Release|Any CPU
		{11980A46-4B36-4411-B394-4E2AF401A42F}.Release|Any CPU.Build.0 = Release|Any CPU
	EndGlobalSection
	GlobalSection(SolutionProperties) = preSolution
		HideSolutionNode = FALSE
	EndGlobalSection
	GlobalSection(ExtensibilityGlobals) = postSolution
		SolutionGuid = {F7A8A5D9-E48C-484F-8A58-5DBC408EAB75}
	EndGlobalSection
EndGlobal
